
Microsoft Visual Studio Solution File, Format Version 12.00
Project("{FAE04EC0-301F-11D3-BF4B-00C04F79EFBC}") = "HttpContext_HttpRequest_HttpRespone", "HttpContext_HttpRequest_HttpRespone\HttpContext_HttpRequest_HttpRespone.csproj", "{49D21E59-6B27-45C8-BA62-2831D53A9354}"
EndProject
Global
	GlobalSection(SolutionConfigurationPlatforms) = preSolution
		Debug|Any CPU = Debug|Any CPU
		Release|Any CPU = Release|Any CPU
	EndGlobalSection
	GlobalSection(ProjectConfigurationPlatforms) = postSolution
		{49D21E59-6B27-45C8-BA62-2831D53A9354}.Debug|Any CPU.ActiveCfg = Debug|Any CPU
		{49D21E59-6B27-45C8-BA62-2831D53A9354}.Debug|Any CPU.Build.0 = Debug|Any CPU
		{49D21E59-6B27-45C8-BA62-2831D53A9354}.Release|Any CPU.ActiveCfg = Release|Any CPU
		{49D21E59-6B27-45C8-BA62-2831D53A9354}.Release|Any CPU.Build.0 = Release|Any CPU
	EndGlobalSection
EndGlobal
